
Microsoft Visual Studio Solution File, Format Version 12.00
# Visual Studio 15
VisualStudioVersion = 15.0.26430.13
MinimumVisualStudioVersion = 10.0.40219.1
Project("{FAE04EC0-301F-11D3-BF4B-00C04F79EFBC}") = "DroneLander.Android", "DroneLander\DroneLander.Android\DroneLander.Android.csproj", "{12599057-D489-4431-B2E6-F816CED81D2E}"
EndProject
Project("{FAE04EC0-301F-11D3-BF4B-00C04F79EFBC}") = "DroneLander", "DroneLander\DroneLander\DroneLander.csproj", "{3A98CD5E-64CF-4640-86D3-95E37FE63227}"
EndProject
Project("{FAE04EC0-301F-11D3-BF4B-00C04F79EFBC}") = "DroneLander.UWP", "DroneLander\DroneLander.UWP\DroneLander.UWP.csproj", "{277D6203-BAF1-4CDB-8C7E-E8D059083ECC}"
EndProject
Project("{FAE04EC0-301F-11D3-BF4B-00C04F79EFBC}") = "DroneLander.iOS", "DroneLander\DroneLander.iOS\DroneLander.iOS.csproj", "{25DC5ED2-9B0D-4E34-9505-35AC20A2CBFE}"
EndProject
Global
	GlobalSection(SolutionConfigurationPlatforms) = preSolution
		Ad-Hoc|Any CPU = Ad-Hoc|Any CPU
		Ad-Hoc|ARM = Ad-Hoc|ARM
		Ad-Hoc|iPhone = Ad-Hoc|iPhone
		Ad-Hoc|iPhoneSimulator = Ad-Hoc|iPhoneSimulator
		Ad-Hoc|x64 = Ad-Hoc|x64
		Ad-Hoc|x86 = Ad-Hoc|x86
		AppStore|Any CPU = AppStore|Any CPU
		AppStore|ARM = AppStore|ARM
		AppStore|iPhone = AppStore|iPhone
		AppStore|iPhoneSimulator = AppStore|iPhoneSimulator
		AppStore|x64 = AppStore|x64
		AppStore|x86 = AppStore|x86
		Debug|Any CPU = Debug|Any CPU
		Debug|ARM = Debug|ARM
		Debug|iPhone = Debug|iPhone
		Debug|iPhoneSimulator = Debug|iPhoneSimulator
		Debug|x64 = Debug|x64
		Debug|x86 = Debug|x86
		Release|Any CPU = Release|Any CPU
		Release|ARM = Release|ARM
		Release|iPhone = Release|iPhone
		Release|iPhoneSimulator = Release|iPhoneSimulator
		Release|x64 = Release|x64
		Release|x86 = Release|x86
	EndGlobalSection
	GlobalSection(ProjectConfigurationPlatforms) = postSolution
		{12599057-D489-4431-B2E6-F816CED81D2E}.Ad-Hoc|Any CPU.ActiveCfg = Release|Any CPU
		{12599057-D489-4431-B2E6-F816CED81D2E}.Ad-Hoc|Any CPU.Build.0 = Release|Any CPU
		{12599057-D489-4431-B2E6-F816CED81D2E}.Ad-Hoc|Any CPU.Deploy.0 = Release|Any CPU
		{12599057-D489-4431-B2E6-F816CED81D2E}.Ad-Hoc|ARM.ActiveCfg = Release|Any CPU
		{12599057-D489-4431-B2E6-F816CED81D2E}.Ad-Hoc|ARM.Build.0 = Release|Any CPU
		{12599057-D489-4431-B2E6-F816CED81D2E}.Ad-Hoc|ARM.Deploy.0 = Release|Any CPU
		{12599057-D489-4431-B2E6-F816CED81D2E}.Ad-Hoc|iPhone.ActiveCfg = Release|Any CPU
		{12599057-D489-4431-B2E6-F816CED81D2E}.Ad-Hoc|iPhone.Build.0 = Release|Any CPU
		{12599057-D489-4431-B2E6-F816CED81D2E}.Ad-Hoc|iPhone.Deploy.0 = Release|Any CPU
		{12599057-D489-4431-B2E6-F816CED81D2E}.Ad-Hoc|iPhoneSimulator.ActiveCfg = Release|Any CPU
		{12599057-D489-4431-B2E6-F816CED81D2E}.Ad-Hoc|iPhoneSimulator.Build.0 = Release|Any CPU
		{12599057-D489-4431-B2E6-F816CED81D2E}.Ad-Hoc|iPhoneSimulator.Deploy.0 = Release|Any CPU
		{12599057-D489-4431-B2E6-F816CED81D2E}.Ad-Hoc|x64.ActiveCfg = Release|Any CPU
		{12599057-D489-4431-B2E6-F816CED81D2E}.Ad-Hoc|x64.Build.0 = Release|Any CPU
		{12599057-D489-4431-B2E6-F816CED81D2E}.Ad-Hoc|x64.Deploy.0 = Release|Any CPU
		{12599057-D489-4431-B2E6-F816CED81D2E}.Ad-Hoc|x86.ActiveCfg = Release|Any CPU
		{12599057-D489-4431-B2E6-F816CED81D2E}.Ad-Hoc|x86.Build.0 = Release|Any CPU
		{12599057-D489-4431-B2E6-F816CED81D2E}.Ad-Hoc|x86.Deploy.0 = Release|Any CPU
		{12599057-D489-4431-B2E6-F816CED81D2E}.AppStore|Any CPU.ActiveCfg = Release|Any CPU
		{12599057-D489-4431-B2E6-F816CED81D2E}.AppStore|Any CPU.Build.0 = Release|Any CPU
		{12599057-D489-4431-B2E6-F816CED81D2E}.AppStore|Any CPU.Deploy.0 = Release|Any CPU
		{12599057-D489-4431-B2E6-F816CED81D2E}.AppStore|ARM.ActiveCfg = Release|Any CPU
		{12599057-D489-4431-B2E6-F816CED81D2E}.AppStore|ARM.Build.0 = Release|Any CPU
		{12599057-D489-4431-B2E6-F816CED81D2E}.AppStore|ARM.Deploy.0 = Release|Any CPU
		{12599057-D489-4431-B2E6-F816CED81D2E}.AppStore|iPhone.ActiveCfg = Release|Any CPU
		{12599057-D489-4431-B2E6-F816CED81D2E}.AppStore|iPhone.Build.0 = Release|Any CPU
		{12599057-D489-4431-B2E6-F816CED81D2E}.AppStore|iPhone.Deploy.0 = Release|Any CPU
		{12599057-D489-4431-B2E6-F816CED81D2E}.AppStore|iPhoneSimulator.ActiveCfg = Release|Any CPU
		{12599057-D489-4431-B2E6-F816CED81D2E}.AppStore|iPhoneSimulator.Build.0 = Release|Any CPU
		{12599057-D489-4431-B2E6-F816CED81D2E}.AppStore|iPhoneSimulator.Deploy.0 = Release|Any CPU
		{12599057-D489-4431-B2E6-F816CED81D2E}.AppStore|x64.ActiveCfg = Release|Any CPU
		{12599057-D489-4431-B2E6-F816CED81D2E}.AppStore|x64.Build.0 = Release|Any CPU
		{12599057-D489-4431-B2E6-F816CED81D2E}.AppStore|x64.Deploy.0 = Release|Any CPU
		{12599057-D489-4431-B2E6-F816CED81D2E}.AppStore|x86.ActiveCfg = Release|Any CPU
		{12599057-D489-4431-B2E6-F816CED81D2E}.AppStore|x86.Build.0 = Release|Any CPU
		{12599057-D489-4431-B2E6-F816CED81D2E}.AppStore|x86.Deploy.0 = Release|Any CPU
		{12599057-D489-4431-B2E6-F816CED81D2E}.Debug|Any CPU.ActiveCfg = Debug|Any CPU
		{12599057-D489-4431-B2E6-F816CED81D2E}.Debug|Any CPU.Build.0 = Debug|Any CPU
		{12599057-D489-4431-B2E6-F816CED81D2E}.Debug|Any CPU.Deploy.0 = Debug|Any CPU
		{12599057-D489-4431-B2E6-F816CED81D2E}.Debug|ARM.ActiveCfg = Debug|Any CPU
		{12599057-D489-4431-B2E6-F816CED81D2E}.Debug|ARM.Build.0 = Debug|Any CPU
		{12599057-D489-4431-B2E6-F816CED81D2E}.Debug|ARM.Deploy.0 = Debug|Any CPU
		{12599057-D489-4431-B2E6-F816CED81D2E}.Debug|iPhone.ActiveCfg = Debug|Any CPU
		{12599057-D489-4431-B2E6-F816CED81D2E}.Debug|iPhone.Build.0 = Debug|Any CPU
		{12599057-D489-4431-B2E6-F816CED81D2E}.Debug|iPhone.Deploy.0 = Debug|Any CPU
		{12599057-D489-4431-B2E6-F816CED81D2E}.Debug|iPhoneSimulator.ActiveCfg = Debug|Any CPU
		{12599057-D489-4431-B2E6-F816CED81D2E}.Debug|iPhoneSimulator.Build.0 = Debug|Any CPU
		{12599057-D489-4431-B2E6-F816CED81D2E}.Debug|iPhoneSimulator.Deploy.0 = Debug|Any CPU
		{12599057-D489-4431-B2E6-F816CED81D2E}.Debug|x64.ActiveCfg = Debug|Any CPU
		{12599057-D489-4431-B2E6-F816CED81D2E}.Debug|x64.Build.0 = Debug|Any CPU
		{12599057-D489-4431-B2E6-F816CED81D2E}.Debug|x64.Deploy.0 = Debug|Any CPU
		{12599057-D489-4431-B2E6-F816CED81D2E}.Debug|x86.ActiveCfg = Debug|Any CPU
		{12599057-D489-4431-B2E6-F816CED81D2E}.Debug|x86.Build.0 = Debug|Any CPU
		{12599057-D489-4431-B2E6-F816CED81D2E}.Debug|x86.Deploy.0 = Debug|Any CPU
		{12599057-D489-4431-B2E6-F816CED81D2E}.Release|Any CPU.ActiveCfg = Release|Any CPU
		{12599057-D489-4431-B2E6-F816CED81D2E}.Release|Any CPU.Build.0 = Release|Any CPU
		{12599057-D489-4431-B2E6-F816CED81D2E}.Release|Any CPU.Deploy.0 = Release|Any CPU
		{12599057-D489-4431-B2E6-F816CED81D2E}.Release|ARM.ActiveCfg = Release|Any CPU
		{12599057-D489-4431-B2E6-F816CED81D2E}.Release|ARM.Build.0 = Release|Any CPU
		{12599057-D489-4431-B2E6-F816CED81D2E}.Release|ARM.Deploy.0 = Release|Any CPU
		{12599057-D489-4431-B2E6-F816CED81D2E}.Release|iPhone.ActiveCfg = Release|Any CPU
		{12599057-D489-4431-B2E6-F816CED81D2E}.Release|iPhone.Build.0 = Release|Any CPU
		{12599057-D489-4431-B2E6-F816CED81D2E}.Release|iPhone.Deploy.0 = Release|Any CPU
		{12599057-D489-4431-B2E6-F816CED81D2E}.Release|iPhoneSimulator.ActiveCfg = Release|Any CPU
		{12599057-D489-4431-B2E6-F816CED81D2E}.Release|iPhoneSimulator.Build.0 = Release|Any CPU
		{12599057-D489-4431-B2E6-F816CED81D2E}.Release|iPhoneSimulator.Deploy.0 = Release|Any CPU
		{12599057-D489-4431-B2E6-F816CED81D2E}.Release|x64.ActiveCfg = Release|Any CPU
		{12599057-D489-4431-B2E6-F816CED81D2E}.Release|x64.Build.0 = Release|Any CPU
		{12599057-D489-4431-B2E6-F816CED81D2E}.Release|x64.Deploy.0 = Release|Any CPU
		{12599057-D489-4431-B2E6-F816CED81D2E}.Release|x86.ActiveCfg = Release|Any CPU
		{12599057-D489-4431-B2E6-F816CED81D2E}.Release|x86.Build.0 = Release|Any CPU
		{12599057-D489-4431-B2E6-F816CED81D2E}.Release|x86.Deploy.0 = Release|Any CPU
		{3A98CD5E-64CF-4640-86D3-95E37FE63227}.Ad-Hoc|Any CPU.ActiveCfg = Release|Any CPU
		{3A98CD5E-64CF-4640-86D3-95E37FE63227}.Ad-Hoc|Any CPU.Build.0 = Release|Any CPU
		{3A98CD5E-64CF-4640-86D3-95E37FE63227}.Ad-Hoc|ARM.ActiveCfg = Release|Any CPU
		{3A98CD5E-64CF-4640-86D3-95E37FE63227}.Ad-Hoc|ARM.Build.0 = Release|Any CPU
		{3A98CD5E-64CF-4640-86D3-95E37FE63227}.Ad-Hoc|iPhone.ActiveCfg = Release|Any CPU
		{3A98CD5E-64CF-4640-86D3-95E37FE63227}.Ad-Hoc|iPhone.Build.0 = Release|Any CPU
		{3A98CD5E-64CF-4640-86D3-95E37FE63227}.Ad-Hoc|iPhoneSimulator.ActiveCfg = Release|Any CPU
		{3A98CD5E-64CF-4640-86D3-95E37FE63227}.Ad-Hoc|iPhoneSimulator.Build.0 = Release|Any CPU
		{3A98CD5E-64CF-4640-86D3-95E37FE63227}.Ad-Hoc|x64.ActiveCfg = Release|Any CPU
		{3A98CD5E-64CF-4640-86D3-95E37FE63227}.Ad-Hoc|x64.Build.0 = Release|Any CPU
		{3A98CD5E-64CF-4640-86D3-95E37FE63227}.Ad-Hoc|x86.ActiveCfg = Release|Any CPU
		{3A98CD5E-64CF-4640-86D3-95E37FE63227}.Ad-Hoc|x86.Build.0 = Release|Any CPU
		{3A98CD5E-64CF-4640-86D3-95E37FE63227}.AppStore|Any CPU.ActiveCfg = Release|Any CPU
		{3A98CD5E-64CF-4640-86D3-95E37FE63227}.AppStore|Any CPU.Build.0 = Release|Any CPU
		{3A98CD5E-64CF-4640-86D3-95E37FE63227}.AppStore|ARM.ActiveCfg = Release|Any CPU
		{3A98CD5E-64CF-4640-86D3-95E37FE63227}.AppStore|ARM.Build.0 = Release|Any CPU
		{3A98CD5E-64CF-4640-86D3-95E37FE63227}.AppStore|iPhone.ActiveCfg = Release|Any CPU
		{3A98CD5E-64CF-4640-86D3-95E37FE63227}.AppStore|iPhone.Build.0 = Release|Any CPU
		{3A98CD5E-64CF-4640-86D3-95E37FE63227}.AppStore|iPhoneSimulator.ActiveCfg = Release|Any CPU
		{3A98CD5E-64CF-4640-86D3-95E37FE63227}.AppStore|iPhoneSimulator.Build.0 = Release|Any CPU
		{3A98CD5E-64CF-4640-86D3-95E37FE63227}.AppStore|x64.ActiveCfg = Release|Any CPU
		{3A98CD5E-64CF-4640-86D3-95E37FE63227}.AppStore|x64.Build.0 = Release|Any CPU
		{3A98CD5E-64CF-4640-86D3-95E37FE63227}.AppStore|x86.ActiveCfg = Release|Any CPU
		{3A98CD5E-64CF-4640-86D3-95E37FE63227}.AppStore|x86.Build.0 = Release|Any CPU
		{3A98CD5E-64CF-4640-86D3-95E37FE63227}.Debug|Any CPU.ActiveCfg = Debug|Any CPU
		{3A98CD5E-64CF-4640-86D3-95E37FE63227}.Debug|Any CPU.Build.0 = Debug|Any CPU
		{3A98CD5E-64CF-4640-86D3-95E37FE63227}.Debug|ARM.ActiveCfg = Debug|Any CPU
		{3A98CD5E-64CF-4640-86D3-95E37FE63227}.Debug|ARM.Build.0 = Debug|Any CPU
		{3A98CD5E-64CF-4640-86D3-95E37FE63227}.Debug|iPhone.ActiveCfg = Debug|Any CPU
		{3A98CD5E-64CF-4640-86D3-95E37FE63227}.Debug|iPhone.Build.0 = Debug|Any CPU
		{3A98CD5E-64CF-4640-86D3-95E37FE63227}.Debug|iPhoneSimulator.ActiveCfg = Debug|Any CPU
		{3A98CD5E-64CF-4640-86D3-95E37FE63227}.Debug|iPhoneSimulator.Build.0 = Debug|Any CPU
		{3A98CD5E-64CF-4640-86D3-95E37FE63227}.Debug|x64.ActiveCfg = Debug|Any CPU
		{3A98CD5E-64CF-4640-86D3-95E37FE63227}.Debug|x64.Build.0 = Debug|Any CPU
		{3A98CD5E-64CF-4640-86D3-95E37FE63227}.Debug|x86.ActiveCfg = Debug|Any CPU
		{3A98CD5E-64CF-4640-86D3-95E37FE63227}.Debug|x86.Build.0 = Debug|Any CPU
		{3A98CD5E-64CF-4640-86D3-95E37FE63227}.Release|Any CPU.ActiveCfg = Release|Any CPU
		{3A98CD5E-64CF-4640-86D3-95E37FE63227}.Release|Any CPU.Build.0 = Release|Any CPU
		{3A98CD5E-64CF-4640-86D3-95E37FE63227}.Release|ARM.ActiveCfg = Release|Any CPU
		{3A98CD5E-64CF-4640-86D3-95E37FE63227}.Release|ARM.Build.0 = Release|Any CPU
		{3A98CD5E-64CF-4640-86D3-95E37FE63227}.Release|iPhone.ActiveCfg = Release|Any CPU
		{3A98CD5E-64CF-4640-86D3-95E37FE63227}.Release|iPhone.Build.0 = Release|Any CPU
		{3A98CD5E-64CF-4640-86D3-95E37FE63227}.Release|iPhoneSimulator.ActiveCfg = Release|Any CPU
		{3A98CD5E-64CF-4640-86D3-95E37FE63227}.Release|iPhoneSimulator.Build.0 = Release|Any CPU
		{3A98CD5E-64CF-4640-86D3-95E37FE63227}.Release|x64.ActiveCfg = Release|Any CPU
		{3A98CD5E-64CF-4640-86D3-95E37FE63227}.Release|x64.Build.0 = Release|Any CPU
		{3A98CD5E-64CF-4640-86D3-95E37FE63227}.Release|x86.ActiveCfg = Release|Any CPU
		{3A98CD5E-64CF-4640-86D3-95E37FE63227}.Release|x86.Build.0 = Release|Any CPU
		{277D6203-BAF1-4CDB-8C7E-E8D059083ECC}.Ad-Hoc|Any CPU.ActiveCfg = Release|x86
		{277D6203-BAF1-4CDB-8C7E-E8D059083ECC}.Ad-Hoc|Any CPU.Build.0 = Release|x86
		{277D6203-BAF1-4CDB-8C7E-E8D059083ECC}.Ad-Hoc|Any CPU.Deploy.0 = Release|x86
		{277D6203-BAF1-4CDB-8C7E-E8D059083ECC}.Ad-Hoc|ARM.ActiveCfg = Release|ARM
		{277D6203-BAF1-4CDB-8C7E-E8D059083ECC}.Ad-Hoc|ARM.Build.0 = Release|ARM
		{277D6203-BAF1-4CDB-8C7E-E8D059083ECC}.Ad-Hoc|ARM.Deploy.0 = Release|ARM
		{277D6203-BAF1-4CDB-8C7E-E8D059083ECC}.Ad-Hoc|iPhone.ActiveCfg = Release|x86
		{277D6203-BAF1-4CDB-8C7E-E8D059083ECC}.Ad-Hoc|iPhone.Build.0 = Release|x86
		{277D6203-BAF1-4CDB-8C7E-E8D059083ECC}.Ad-Hoc|iPhone.Deploy.0 = Release|x86
		{277D6203-BAF1-4CDB-8C7E-E8D059083ECC}.Ad-Hoc|iPhoneSimulator.ActiveCfg = Release|x86
		{277D6203-BAF1-4CDB-8C7E-E8D059083ECC}.Ad-Hoc|iPhoneSimulator.Build.0 = Release|x86
		{277D6203-BAF1-4CDB-8C7E-E8D059083ECC}.Ad-Hoc|iPhoneSimulator.Deploy.0 = Release|x86
		{277D6203-BAF1-4CDB-8C7E-E8D059083ECC}.Ad-Hoc|x64.ActiveCfg = Release|x64
		{277D6203-BAF1-4CDB-8C7E-E8D059083ECC}.Ad-Hoc|x64.Build.0 = Release|x64
		{277D6203-BAF1-4CDB-8C7E-E8D059083ECC}.Ad-Hoc|x64.Deploy.0 = Release|x64
		{277D6203-BAF1-4CDB-8C7E-E8D059083ECC}.Ad-Hoc|x86.ActiveCfg = Release|x86
		{277D6203-BAF1-4CDB-8C7E-E8D059083ECC}.Ad-Hoc|x86.Build.0 = Release|x86
		{277D6203-BAF1-4CDB-8C7E-E8D059083ECC}.Ad-Hoc|x86.Deploy.0 = Release|x86
		{277D6203-BAF1-4CDB-8C7E-E8D059083ECC}.AppStore|Any CPU.ActiveCfg = Release|x86
		{277D6203-BAF1-4CDB-8C7E-E8D059083ECC}.AppStore|Any CPU.Build.0 = Release|x86
		{277D6203-BAF1-4CDB-8C7E-E8D059083ECC}.AppStore|Any CPU.Deploy.0 = Release|x86
		{277D6203-BAF1-4CDB-8C7E-E8D059083ECC}.AppStore|ARM.ActiveCfg = Release|ARM
		{277D6203-BAF1-4CDB-8C7E-E8D059083ECC}.AppStore|ARM.Build.0 = Release|ARM
		{277D6203-BAF1-4CDB-8C7E-E8D059083ECC}.AppStore|ARM.Deploy.0 = Release|ARM
		{277D6203-BAF1-4CDB-8C7E-E8D059083ECC}.AppStore|iPhone.ActiveCfg = Release|x86
		{277D6203-BAF1-4CDB-8C7E-E8D059083ECC}.AppStore|iPhone.Build.0 = Release|x86
		{277D6203-BAF1-4CDB-8C7E-E8D059083ECC}.AppStore|iPhone.Deploy.0 = Release|x86
		{277D6203-BAF1-4CDB-8C7E-E8D059083ECC}.AppStore|iPhoneSimulator.ActiveCfg = Release|x86
		{277D6203-BAF1-4CDB-8C7E-E8D059083ECC}.AppStore|iPhoneSimulator.Build.0 = Release|x86
		{277D6203-BAF1-4CDB-8C7E-E8D059083ECC}.AppStore|iPhoneSimulator.Deploy.0 = Release|x86
		{277D6203-BAF1-4CDB-8C7E-E8D059083ECC}.AppStore|x64.ActiveCfg = Release|x64
		{277D6203-BAF1-4CDB-8C7E-E8D059083ECC}.AppStore|x64.Build.0 = Release|x64
		{277D6203-BAF1-4CDB-8C7E-E8D059083ECC}.AppStore|x64.Deploy.0 = Release|x64
		{277D6203-BAF1-4CDB-8C7E-E8D059083ECC}.AppStore|x86.ActiveCfg = Release|x86
		{277D6203-BAF1-4CDB-8C7E-E8D059083ECC}.AppStore|x86.Build.0 = Release|x86
		{277D6203-BAF1-4CDB-8C7E-E8D059083ECC}.AppStore|x86.Deploy.0 = Release|x86
		{277D6203-BAF1-4CDB-8C7E-E8D059083ECC}.Debug|Any CPU.ActiveCfg = Debug|x86
		{277D6203-BAF1-4CDB-8C7E-E8D059083ECC}.Debug|Any CPU.Build.0 = Debug|x86
		{277D6203-BAF1-4CDB-8C7E-E8D059083ECC}.Debug|Any CPU.Deploy.0 = Debug|x86
		{277D6203-BAF1-4CDB-8C7E-E8D059083ECC}.Debug|ARM.ActiveCfg = Debug|ARM
		{277D6203-BAF1-4CDB-8C7E-E8D059083ECC}.Debug|ARM.Build.0 = Debug|ARM
		{277D6203-BAF1-4CDB-8C7E-E8D059083ECC}.Debug|ARM.Deploy.0 = Debug|ARM
		{277D6203-BAF1-4CDB-8C7E-E8D059083ECC}.Debug|iPhone.ActiveCfg = Debug|x86
		{277D6203-BAF1-4CDB-8C7E-E8D059083ECC}.Debug|iPhoneSimulator.ActiveCfg = Debug|x86
		{277D6203-BAF1-4CDB-8C7E-E8D059083ECC}.Debug|x64.ActiveCfg = Debug|x64
		{277D6203-BAF1-4CDB-8C7E-E8D059083ECC}.Debug|x64.Build.0 = Debug|x64
		{277D6203-BAF1-4CDB-8C7E-E8D059083ECC}.Debug|x64.Deploy.0 = Debug|x64
		{277D6203-BAF1-4CDB-8C7E-E8D059083ECC}.Debug|x86.ActiveCfg = Debug|x86
		{277D6203-BAF1-4CDB-8C7E-E8D059083ECC}.Debug|x86.Build.0 = Debug|x86
		{277D6203-BAF1-4CDB-8C7E-E8D059083ECC}.Debug|x86.Deploy.0 = Debug|x86
		{277D6203-BAF1-4CDB-8C7E-E8D059083ECC}.Release|Any CPU.ActiveCfg = Release|x86
		{277D6203-BAF1-4CDB-8C7E-E8D059083ECC}.Release|Any CPU.Build.0 = Release|x86
		{277D6203-BAF1-4CDB-8C7E-E8D059083ECC}.Release|Any CPU.Deploy.0 = Release|x86
		{277D6203-BAF1-4CDB-8C7E-E8D059083ECC}.Release|ARM.ActiveCfg = Release|ARM
		{277D6203-BAF1-4CDB-8C7E-E8D059083ECC}.Release|ARM.Build.0 = Release|ARM
		{277D6203-BAF1-4CDB-8C7E-E8D059083ECC}.Release|ARM.Deploy.0 = Release|ARM
		{277D6203-BAF1-4CDB-8C7E-E8D059083ECC}.Release|iPhone.ActiveCfg = Release|x86
		{277D6203-BAF1-4CDB-8C7E-E8D059083ECC}.Release|iPhoneSimulator.ActiveCfg = Release|x86
		{277D6203-BAF1-4CDB-8C7E-E8D059083ECC}.Release|x64.ActiveCfg = Release|x64
		{277D6203-BAF1-4CDB-8C7E-E8D059083ECC}.Release|x64.Build.0 = Release|x64
		{277D6203-BAF1-4CDB-8C7E-E8D059083ECC}.Release|x64.Deploy.0 = Release|x64
		{277D6203-BAF1-4CDB-8C7E-E8D059083ECC}.Release|x86.ActiveCfg = Release|x86
		{277D6203-BAF1-4CDB-8C7E-E8D059083ECC}.Release|x86.Build.0 = Release|x86
		{277D6203-BAF1-4CDB-8C7E-E8D059083ECC}.Release|x86.Deploy.0 = Release|x86
		{25DC5ED2-9B0D-4E34-9505-35AC20A2CBFE}.Ad-Hoc|Any CPU.ActiveCfg = Ad-Hoc|iPhone
		{25DC5ED2-9B0D-4E34-9505-35AC20A2CBFE}.Ad-Hoc|ARM.ActiveCfg = Ad-Hoc|iPhone
		{25DC5ED2-9B0D-4E34-9505-35AC20A2CBFE}.Ad-Hoc|iPhone.ActiveCfg = Ad-Hoc|iPhone
		{25DC5ED2-9B0D-4E34-9505-35AC20A2CBFE}.Ad-Hoc|iPhone.Build.0 = Ad-Hoc|iPhone
		{25DC5ED2-9B0D-4E34-9505-35AC20A2CBFE}.Ad-Hoc|iPhoneSimulator.ActiveCfg = Ad-Hoc|iPhoneSimulator
		{25DC5ED2-9B0D-4E34-9505-35AC20A2CBFE}.Ad-Hoc|iPhoneSimulator.Build.0 = Ad-Hoc|iPhoneSimulator
		{25DC5ED2-9B0D-4E34-9505-35AC20A2CBFE}.Ad-Hoc|x64.ActiveCfg = Ad-Hoc|iPhone
		{25DC5ED2-9B0D-4E34-9505-35AC20A2CBFE}.Ad-Hoc|x86.ActiveCfg = Ad-Hoc|iPhone
		{25DC5ED2-9B0D-4E34-9505-35AC20A2CBFE}.AppStore|Any CPU.ActiveCfg = AppStore|iPhone
		{25DC5ED2-9B0D-4E34-9505-35AC20A2CBFE}.AppStore|ARM.ActiveCfg = AppStore|iPhone
		{25DC5ED2-9B0D-4E34-9505-35AC20A2CBFE}.AppStore|iPhone.ActiveCfg = AppStore|iPhone
		{25DC5ED2-9B0D-4E34-9505-35AC20A2CBFE}.AppStore|iPhone.Build.0 = AppStore|iPhone
		{25DC5ED2-9B0D-4E34-9505-35AC20A2CBFE}.AppStore|iPhoneSimulator.ActiveCfg = AppStore|iPhoneSimulator
		{25DC5ED2-9B0D-4E34-9505-35AC20A2CBFE}.AppStore|iPhoneSimulator.Build.0 = AppStore|iPhoneSimulator
		{25DC5ED2-9B0D-4E34-9505-35AC20A2CBFE}.AppStore|x64.ActiveCfg = AppStore|iPhone
		{25DC5ED2-9B0D-4E34-9505-35AC20A2CBFE}.AppStore|x86.ActiveCfg = AppStore|iPhone
		{25DC5ED2-9B0D-4E34-9505-35AC20A2CBFE}.Debug|Any CPU.ActiveCfg = Debug|iPhone
		{25DC5ED2-9B0D-4E34-9505-35AC20A2CBFE}.Debug|ARM.ActiveCfg = Debug|iPhone
		{25DC5ED2-9B0D-4E34-9505-35AC20A2CBFE}.Debug|iPhone.ActiveCfg = Debug|iPhone
		{25DC5ED2-9B0D-4E34-9505-35AC20A2CBFE}.Debug|iPhone.Build.0 = Debug|iPhone
		{25DC5ED2-9B0D-4E34-9505-35AC20A2CBFE}.Debug|iPhoneSimulator.ActiveCfg = Debug|iPhoneSimulator
		{25DC5ED2-9B0D-4E34-9505-35AC20A2CBFE}.Debug|iPhoneSimulator.Build.0 = Debug|iPhoneSimulator
		{25DC5ED2-9B0D-4E34-9505-35AC20A2CBFE}.Debug|x64.ActiveCfg = Debug|iPhone
		{25DC5ED2-9B0D-4E34-9505-35AC20A2CBFE}.Debug|x86.ActiveCfg = Debug|iPhone
		{25DC5ED2-9B0D-4E34-9505-35AC20A2CBFE}.Release|Any CPU.ActiveCfg = Release|iPhone
		{25DC5ED2-9B0D-4E34-9505-35AC20A2CBFE}.Release|ARM.ActiveCfg = Release|iPhone
		{25DC5ED2-9B0D-4E34-9505-35AC20A2CBFE}.Release|iPhone.ActiveCfg = Release|iPhone
		{25DC5ED2-9B0D-4E34-9505-35AC20A2CBFE}.Release|iPhone.Build.0 = Release|iPhone
		{25DC5ED2-9B0D-4E34-9505-35AC20A2CBFE}.Release|iPhoneSimulator.ActiveCfg = Release|iPhoneSimulator
		{25DC5ED2-9B0D-4E34-9505-35AC20A2CBFE}.Release|iPhoneSimulator.Build.0 = Release|iPhoneSimulator
		{25DC5ED2-9B0D-4E34-9505-35AC20A2CBFE}.Release|x64.ActiveCfg = Release|iPhone
		{25DC5ED2-9B0D-4E34-9505-35AC20A2CBFE}.Release|x86.ActiveCfg = Release|iPhone
	EndGlobalSection
	GlobalSection(SolutionProperties) = preSolution
		HideSolutionNode = FALSE
	EndGlobalSection
EndGlobal
